{
  "version": 4,
  "terraform_version": "1.1.2",
  "serial": 9,
  "lineage": "8911a7c6-7aff-ac19-0e29-501e6e1f77e2",
  "outputs": {},
  "resources": [
    {
      "module": "module.module_ec2",
      "mode": "managed",
      "type": "aws_instance",
      "name": "ec2instance",
      "provider": "provider[\"registry.terraform.io/hashicorp/aws\"]",
      "instances": [
        {
          "schema_version": 1,
          "attributes": {
            "ami": "ami-0ed9277fb7eb570c9",
            "arn": "arn:aws:ec2:us-east-1:185433353038:instance/i-04a2b94f603beec77",
            "associate_public_ip_address": true,
            "availability_zone": "us-east-1d",
            "capacity_reservation_specification": [
              {
                "capacity_reservation_preference": "open",
                "capacity_reservation_target": []
              }
            ],
            "cpu_core_count": 1,
            "cpu_threads_per_core": 1,
            "credit_specification": [
              {
                "cpu_credits": "standard"
              }
            ],
            "disable_api_termination": false,
            "ebs_block_device": [],
            "ebs_optimized": false,
            "enclave_options": [
              {
                "enabled": false
              }
            ],
            "ephemeral_block_device": [],
            "get_password_data": false,
            "hibernation": false,
            "host_id": null,
            "iam_instance_profile": "",
            "id": "i-04a2b94f603beec77",
            "instance_initiated_shutdown_behavior": "stop",
            "instance_state": "running",
            "instance_type": "t2.micro",
            "ipv6_address_count": 0,
            "ipv6_addresses": [],
            "key_name": "wl",
            "launch_template": [],
            "metadata_options": [
              {
                "http_endpoint": "enabled",
                "http_put_response_hop_limit": 1,
                "http_tokens": "optional"
              }
            ],
            "monitoring": false,
            "network_interface": [],
            "outpost_arn": "",
            "password_data": "",
            "placement_group": "",
            "placement_partition_number": null,
            "primary_network_interface_id": "eni-0aadaaa2c9ed3978f",
            "private_dns": "ip-10-0-1-79.ec2.internal",
            "private_ip": "10.0.1.79",
            "public_dns": "",
            "public_ip": "52.87.164.210",
            "root_block_device": [
              {
                "delete_on_termination": true,
                "device_name": "/dev/xvda",
                "encrypted": false,
                "iops": 100,
                "kms_key_id": "",
                "tags": {},
                "throughput": 0,
                "volume_id": "vol-0e964540239bd671a",
                "volume_size": 8,
                "volume_type": "gp2"
              }
            ],
            "secondary_private_ips": [],
            "security_groups": [],
            "source_dest_check": true,
            "subnet_id": "subnet-0146c6f95832a31cb",
            "tags": {
              "Name": "ec2_module_instance"
            },
            "tags_all": {
              "Name": "ec2_module_instance"
            },
            "tenancy": "default",
            "timeouts": null,
            "user_data": null,
            "user_data_base64": null,
            "volume_tags": null,
            "vpc_security_group_ids": [
              "sg-03506c842d38b1f29"
            ]
          },
          "sensitive_attributes": [],
          "private": "eyJlMmJmYjczMC1lY2FhLTExZTYtOGY4OC0zNDM2M2JjN2M0YzAiOnsiY3JlYXRlIjo2MDAwMDAwMDAwMDAsImRlbGV0ZSI6MTIwMDAwMDAwMDAwMCwidXBkYXRlIjo2MDAwMDAwMDAwMDB9LCJzY2hlbWFfdmVyc2lvbiI6IjEifQ==",
          "dependencies": [
            "module.module_security_group.aws_security_group.tf-sg1",
            "module.module_subnet.aws_subnet.sb_module-1",
            "module.module_vpc.aws_vpc.own-vpc"
          ]
        }
      ]
    },
    {
      "module": "module.module_iqw",
      "mode": "managed",
      "type": "aws_internet_gateway",
      "name": "own-gateway1",
      "provider": "provider[\"registry.terraform.io/hashicorp/aws\"]",
      "instances": [
        {
          "schema_version": 0,
          "attributes": {
            "arn": "arn:aws:ec2:us-east-1:185433353038:internet-gateway/igw-03396638e1aa8e734",
            "id": "igw-03396638e1aa8e734",
            "owner_id": "185433353038",
            "tags": {
              "Name": "own-igw1"
            },
            "tags_all": {
              "Name": "own-igw1"
            },
            "vpc_id": "vpc-055993ae8ef994d40"
          },
          "sensitive_attributes": [],
          "private": "bnVsbA==",
          "dependencies": [
            "module.module_vpc.aws_vpc.own-vpc"
          ]
        }
      ]
    },
    {
      "module": "module.module_security_group",
      "mode": "managed",
      "type": "aws_security_group",
      "name": "tf-sg1",
      "provider": "provider[\"registry.terraform.io/hashicorp/aws\"]",
      "instances": [
        {
          "schema_version": 1,
          "attributes": {
            "arn": "arn:aws:ec2:us-east-1:185433353038:security-group/sg-03506c842d38b1f29",
            "description": "Allow ssh http icmp inbound traffic",
            "egress": [
              {
                "cidr_blocks": [
                  "0.0.0.0/0"
                ],
                "description": "",
                "from_port": 0,
                "ipv6_cidr_blocks": [
                  "::/0"
                ],
                "prefix_list_ids": [],
                "protocol": "-1",
                "security_groups": [],
                "self": false,
                "to_port": 0
              }
            ],
            "id": "sg-03506c842d38b1f29",
            "ingress": [
              {
                "cidr_blocks": [
                  "0.0.0.0/0"
                ],
                "description": "HTTP",
                "from_port": 80,
                "ipv6_cidr_blocks": [],
                "prefix_list_ids": [],
                "protocol": "tcp",
                "security_groups": [],
                "self": false,
                "to_port": 80
              },
              {
                "cidr_blocks": [
                  "0.0.0.0/0"
                ],
                "description": "SSH",
                "from_port": 22,
                "ipv6_cidr_blocks": [],
                "prefix_list_ids": [],
                "protocol": "tcp",
                "security_groups": [],
                "self": false,
                "to_port": 22
              }
            ],
            "name": "sec1",
            "name_prefix": "",
            "owner_id": "185433353038",
            "revoke_rules_on_delete": false,
            "tags": {
              "Name": "sec1"
            },
            "tags_all": {
              "Name": "sec1"
            },
            "timeouts": null,
            "vpc_id": "vpc-055993ae8ef994d40"
          },
          "sensitive_attributes": [],
          "private": "eyJlMmJmYjczMC1lY2FhLTExZTYtOGY4OC0zNDM2M2JjN2M0YzAiOnsiY3JlYXRlIjo2MDAwMDAwMDAwMDAsImRlbGV0ZSI6OTAwMDAwMDAwMDAwfSwic2NoZW1hX3ZlcnNpb24iOiIxIn0=",
          "dependencies": [
            "module.module_vpc.aws_vpc.own-vpc"
          ]
        }
      ]
    },
    {
      "module": "module.module_subnet",
      "mode": "managed",
      "type": "aws_subnet",
      "name": "sb_module-1",
      "provider": "provider[\"registry.terraform.io/hashicorp/aws\"]",
      "instances": [
        {
          "schema_version": 1,
          "attributes": {
            "arn": "arn:aws:ec2:us-east-1:185433353038:subnet/subnet-0146c6f95832a31cb",
            "assign_ipv6_address_on_creation": false,
            "availability_zone": "us-east-1d",
            "availability_zone_id": "use1-az2",
            "cidr_block": "10.0.1.0/24",
            "customer_owned_ipv4_pool": "",
            "id": "subnet-0146c6f95832a31cb",
            "ipv6_cidr_block": "",
            "ipv6_cidr_block_association_id": "",
            "map_customer_owned_ip_on_launch": false,
            "map_public_ip_on_launch": false,
            "outpost_arn": "",
            "owner_id": "185433353038",
            "tags": {
              "Name": "own-sb-1"
            },
            "tags_all": {
              "Name": "own-sb-1"
            },
            "timeouts": null,
            "vpc_id": "vpc-055993ae8ef994d40"
          },
          "sensitive_attributes": [],
          "private": "eyJlMmJmYjczMC1lY2FhLTExZTYtOGY4OC0zNDM2M2JjN2M0YzAiOnsiY3JlYXRlIjo2MDAwMDAwMDAwMDAsImRlbGV0ZSI6MTIwMDAwMDAwMDAwMH0sInNjaGVtYV92ZXJzaW9uIjoiMSJ9",
          "dependencies": [
            "module.module_vpc.aws_vpc.own-vpc"
          ]
        }
      ]
    },
    {
      "module": "module.module_vpc",
      "mode": "managed",
      "type": "aws_vpc",
      "name": "own-vpc",
      "provider": "provider[\"registry.terraform.io/hashicorp/aws\"]",
      "instances": [
        {
          "schema_version": 1,
          "attributes": {
            "arn": "arn:aws:ec2:us-east-1:185433353038:vpc/vpc-055993ae8ef994d40",
            "assign_generated_ipv6_cidr_block": false,
            "cidr_block": "10.0.0.0/16",
            "default_network_acl_id": "acl-0cee86508e7cc8a17",
            "default_route_table_id": "rtb-02375f626e15b0d00",
            "default_security_group_id": "sg-091715c7b151d5311",
            "dhcp_options_id": "dopt-097ce5a95ca0fbc59",
            "enable_classiclink": false,
            "enable_classiclink_dns_support": false,
            "enable_dns_hostnames": false,
            "enable_dns_support": true,
            "id": "vpc-055993ae8ef994d40",
            "instance_tenancy": "default",
            "ipv4_ipam_pool_id": null,
            "ipv4_netmask_length": null,
            "ipv6_association_id": "",
            "ipv6_cidr_block": "",
            "ipv6_ipam_pool_id": null,
            "ipv6_netmask_length": null,
            "main_route_table_id": "rtb-02375f626e15b0d00",
            "owner_id": "185433353038",
            "tags": {
              "Name": "own-vpc-1"
            },
            "tags_all": {
              "Name": "own-vpc-1"
            }
          },
          "sensitive_attributes": [],
          "private": "eyJzY2hlbWFfdmVyc2lvbiI6IjEifQ=="
        }
      ]
    }
  ]
}
